dependencies:
- name: postgres-operator-ui
  repository: https://opensource.zalando.com/postgres-operator/charts/postgres-operator-ui/
  version: 1.7.1
- name: postgres-operator
  repository: https://opensource.zalando.com/postgres-operator/charts/postgres-operator/
  version: 1.7.1
- name: postgresql
  repository: https://charts.bitnami.com/bitnami
  version: 10.1.4
- name: rabbitmq
  repository: https://charts.bitnami.com/bitnami
  version: 8.6.4
digest: sha256:cac6ae7ea3f54e090eda5166dcba216401de72cc0100e9a1b8832c3cf1d1daba
generated: "2021-12-22T15:13:04.355544077+01:00"
