dependencies:
- name: postgres-operator-ui
  repository: https://opensource.zalando.com/postgres-operator/charts/postgres-operator-ui/
  version: 1.8.2
- name: postgres-operator
  repository: https://opensource.zalando.com/postgres-operator/charts/postgres-operator/
  version: 1.8.2
- name: rabbitmq
  repository: https://charts.bitnami.com/bitnami
  version: 10.1.19
- name: memcached
  repository: https://charts.bitnami.com/bitnami
  version: 6.3.2
digest: sha256:65276d3c4befff8f537ab564192c98f16b1c5c53cd8aec2d3f6066a59336e66f
generated: "2022-12-15T11:00:45.457174598+01:00"
