dependencies:
- name: postgres-operator-ui
  repository: https://opensource.zalando.com/postgres-operator/charts/postgres-operator-ui/
  version: 1.8.2
- name: postgres-operator
  repository: https://opensource.zalando.com/postgres-operator/charts/postgres-operator/
  version: 1.8.2
- name: rabbitmq
  repository: https://charts.bitnami.com/bitnami
  version: 10.1.19
- name: memcached
  repository: https://charts.bitnami.com/bitnami
  version: 6.3.1
digest: sha256:2d46bbb224e1e598490ad7837385a1f87cbb5e07cd131f0a142da31469a10ace
generated: "2022-12-06T16:08:32.155856165+01:00"
